// !$*UTF8*$!
{
	archiveVersion = 1;
	classes = {
	};
	objectVersion = 55;
	objects = {

/* Begin PBXBuildFile section */
		EE50AD5527C2405F00FB1538 /* AppDelegate.swift in Sources */ = {isa = PBXBuildFile; fileRef = EE50AD5427C2405F00FB1538 /* AppDelegate.swift */; };
		EE50AD5727C2405F00FB1538 /* SceneDelegate.swift in Sources */ = {isa = PBXBuildFile; fileRef = EE50AD5627C2405F00FB1538 /* SceneDelegate.swift */; };
		EE50AD5927C2405F00FB1538 /* ViewController.swift in Sources */ = {isa = PBXBuildFile; fileRef = EE50AD5827C2405F00FB1538 /* ViewController.swift */; };
		EE50AD5C27C2405F00FB1538 /* Main.storyboard in Resources */ = {isa = PBXBuildFile; fileRef = EE50AD5A27C2405F00FB1538 /* Main.storyboard */; };
		EE50AD5E27C2406100FB1538 /* Assets.xcassets in Resources */ = {isa = PBXBuildFile; fileRef = EE50AD5D27C2406100FB1538 /* Assets.xcassets */; };
		EE50AD6127C2406100FB1538 /* LaunchScreen.storyboard in Resources */ = {isa = PBXBuildFile; fileRef = EE50AD5F27C2406100FB1538 /* LaunchScreen.storyboard */; };
		EE50AD6C27C2406200FB1538 /* TechGramTests.swift in Sources */ = {isa = PBXBuildFile; fileRef = EE50AD6B27C2406200FB1538 /* TechGramTests.swift */; };
		EE50AD7627C2406200FB1538 /* TechGramUITests.swift in Sources */ = {isa = PBXBuildFile; fileRef = EE50AD7527C2406200FB1538 /* TechGramUITests.swift */; };
		EE50AD7827C2406200FB1538 /* TechGramUITestsLaunchTests.swift in Sources */ = {isa = PBXBuildFile; fileRef = EE50AD7727C2406200FB1538 /* TechGramUITestsLaunchTests.swift */; };
/* End PBXBuildFile section */

/* Begin PBXContainerItemProxy section */
		EE50AD6827C2406200FB1538 /* PBXContainerItemProxy */ = {
			isa = PBXContainerItemProxy;
			containerPortal = EE50AD4927C2405F00FB1538 /* Project object */;
			proxyType = 1;
			remoteGlobalIDString = EE50AD5027C2405F00FB1538;
			remoteInfo = TechGram;
		};
		EE50AD7227C2406200FB1538 /* PBXContainerItemProxy */ = {
			isa = PBXContainerItemProxy;
			containerPortal = EE50AD4927C2405F00FB1538 /* Project object */;
			proxyType = 1;
			remoteGlobalIDString = EE50AD5027C2405F00FB1538;
			remoteInfo = TechGram;
		};
/* End PBXContainerItemProxy section */

/* Begin PBXFileReference section */
		EE50AD5127C2405F00FB1538 /* TechGram.app */ = {isa = PBXFileReference; explicitFileType = wrapper.application; includeInIndex = 0; path = TechGram.app; sourceTree = BUILT_PRODUCTS_DIR; };
		EE50AD5427C2405F00FB1538 /* AppDelegate.swift */ = {isa = PBXFileReference; lastKnownFileType = sourcecode.swift; path = AppDelegate.swift; sourceTree = "<group>"; };
		EE50AD5627C2405F00FB1538 /* SceneDelegate.swift */ = {isa = PBXFileReference; lastKnownFileType = sourcecode.swift; path = SceneDelegate.swift; sourceTree = "<group>"; };
		EE50AD5827C2405F00FB1538 /* ViewController.swift */ = {isa = PBXFileReference; lastKnownFileType = sourcecode.swift; path = ViewController.swift; sourceTree = "<group>"; };
		EE50AD5B27C2405F00FB1538 /* Base */ = {isa = PBXFileReference; lastKnownFileType = file.storyboard; name = Base; path = Base.lproj/Main.storyboard; sourceTree = "<group>"; };
		EE50AD5D27C2406100FB1538 /* Assets.xcassets */ = {isa = PBXFileReference; lastKnownFileType = folder.assetcatalog; path = Assets.xcassets; sourceTree = "<group>"; };
		EE50AD6027C2406100FB1538 /* Base */ = {isa = PBXFileReference; lastKnownFileType = file.storyboard; name = Base; path = Base.lproj/LaunchScreen.storyboard; sourceTree = "<group>"; };
		EE50AD6227C2406100FB1538 /* Info.plist */ = {isa = PBXFileReference; lastKnownFileType = text.plist.xml; path = Info.plist; sourceTree = "<group>"; };
		EE50AD6727C2406200FB1538 /* TechGramTests.xctest */ = {isa = PBXFileReference; explicitFileType = wrapper.cfbundle; includeInIndex = 0; path = TechGramTests.xctest; sourceTree = BUILT_PRODUCTS_DIR; };
		EE50AD6B27C2406200FB1538 /* TechGramTests.swift */ = {isa = PBXFileReference; lastKnownFileType = sourcecode.swift; path = TechGramTests.swift; sourceTree = "<group>"; };
		EE50AD7127C2406200FB1538 /* TechGramUITests.xctest */ = {isa = PBXFileReference; explicitFileType = wrapper.cfbundle; includeInIndex = 0; path = TechGramUITests.xctest; sourceTree = BUILT_PRODUCTS_DIR; };
		EE50AD7527C2406200FB1538 /* TechGramUITests.swift */ = {isa = PBXFileReference; lastKnownFileType = sourcecode.swift; path = TechGramUITests.swift; sourceTree = "<group>"; };
		EE50AD7727C2406200FB1538 /* TechGramUITestsLaunchTests.swift */ = {isa = PBXFileReference; lastKnownFileType = sourcecode.swift; path = TechGramUITestsLaunchTests.swift; sourceTree = "<group>"; };
/* End PBXFileReference section */

/* Begin PBXFrameworksBuildPhase section */
		EE50AD4E27C2405F00FB1538 /* Frameworks */ = {
			isa = PBXFrameworksBuildPhase;
			buildActionMask = 2147483647;
			files = (
			);
			runOnlyForDeploymentPostprocessing = 0;
		};
		EE50AD6427C2406200FB1538 /* Frameworks */ = {
			isa = PBXFrameworksBuildPhase;
			buildActionMask = 2147483647;
			files = (
			);
			runOnlyForDeploymentPostprocessing = 0;
		};
		EE50AD6E27C2406200FB1538 /* Frameworks */ = {
			isa = PBXFrameworksBuildPhase;
			buildActionMask = 2147483647;
			files = (
			);
			runOnlyForDeploymentPostprocessing = 0;
		};
/* End PBXFrameworksBuildPhase section */

/* Begin PBXGroup section */
		EE50AD4827C2405F00FB1538 = {
			isa = PBXGroup;
			children = (
				EE50AD5327C2405F00FB1538 /* TechGram */,
				EE50AD6A27C2406200FB1538 /* TechGramTests */,
				EE50AD7427C2406200FB1538 /* TechGramUITests */,
				EE50AD5227C2405F00FB1538 /* Products */,
			);
			sourceTree = "<group>";
		};
		EE50AD5227C2405F00FB1538 /* Products */ = {
			isa = PBXGroup;
			children = (
				EE50AD5127C2405F00FB1538 /* TechGram.app */,
				EE50AD6727C2406200FB1538 /* TechGramTests.xctest */,
				EE50AD7127C2406200FB1538 /* TechGramUITests.xctest */,
			);
			name = Products;
			sourceTree = "<group>";
		};
		EE50AD5327C2405F00FB1538 /* TechGram */ = {
			isa = PBXGroup;
			children = (
				EE50AD5427C2405F00FB1538 /* AppDelegate.swift */,
				EE50AD5627C2405F00FB1538 /* SceneDelegate.swift */,
				EE50AD5827C2405F00FB1538 /* ViewController.swift */,
				EE50AD5A27C2405F00FB1538 /* Main.storyboard */,
				EE50AD5D27C2406100FB1538 /* Assets.xcassets */,
				EE50AD5F27C2406100FB1538 /* LaunchScreen.storyboard */,
				EE50AD6227C2406100FB1538 /* Info.plist */,
			);
			path = TechGram;
			sourceTree = "<group>";
		};
		EE50AD6A27C2406200FB1538 /* TechGramTests */ = {
			isa = PBXGroup;
			children = (
				EE50AD6B27C2406200FB1538 /* TechGramTests.swift */,
			);
			path = TechGramTests;
			sourceTree = "<group>";
		};
		EE50AD7427C2406200FB1538 /* TechGramUITests */ = {
			isa = PBXGroup;
			children = (
				EE50AD7527C2406200FB1538 /* TechGramUITests.swift */,
				EE50AD7727C2406200FB1538 /* TechGramUITestsLaunchTests.swift */,
			);
			path = TechGramUITests;
			sourceTree = "<group>";
		};
/* End PBXGroup section */

/* Begin PBXNativeTarget section */
		EE50AD5027C2405F00FB1538 /* TechGram */ = {
			isa = PBXNativeTarget;
			buildConfigurationList = EE50AD7B27C2406200FB1538 /* Build configuration list for PBXNativeTarget "TechGram" */;
			buildPhases = (
				EE50AD4D27C2405F00FB1538 /* Sources */,
				EE50AD4E27C2405F00FB1538 /* Frameworks */,
				EE50AD4F27C2405F00FB1538 /* Resources */,
			);
			buildRules = (
			);
			dependencies = (
			);
			name = TechGram;
			productName = TechGram;
			productReference = EE50AD5127C2405F00FB1538 /* TechGram.app */;
			productType = "com.apple.product-type.application";
		};
		EE50AD6627C2406200FB1538 /* TechGramTests */ = {
			isa = PBXNativeTarget;
			buildConfigurationList = EE50AD7E27C2406200FB1538 /* Build configuration list for PBXNativeTarget "TechGramTests" */;
			buildPhases = (
				EE50AD6327C2406200FB1538 /* Sources */,
				EE50AD6427C2406200FB1538 /* Frameworks */,
				EE50AD6527C2406200FB1538 /* Resources */,
			);
			buildRules = (
			);
			dependencies = (
				EE50AD6927C2406200FB1538 /* PBXTargetDependency */,
			);
			name = TechGramTests;
			productName = TechGramTests;
			productReference = EE50AD6727C2406200FB1538 /* TechGramTests.xctest */;
			productType = "com.apple.product-type.bundle.unit-test";
		};
		EE50AD7027C2406200FB1538 /* TechGramUITests */ = {
			isa = PBXNativeTarget;
			buildConfigurationList = EE50AD8127C2406200FB1538 /* Build configuration list for PBXNativeTarget "TechGramUITests" */;
			buildPhases = (
				EE50AD6D27C2406200FB1538 /* Sources */,
				EE50AD6E27C2406200FB1538 /* Frameworks */,
				EE50AD6F27C2406200FB1538 /* Resources */,
			);
			buildRules = (
			);
			dependencies = (
				EE50AD7327C2406200FB1538 /* PBXTargetDependency */,
			);
			name = TechGramUITests;
			productName = TechGramUITests;
			productReference = EE50AD7127C2406200FB1538 /* TechGramUITests.xctest */;
			productType = "com.apple.product-type.bundle.ui-testing";
		};
/* End PBXNativeTarget section */

/* Begin PBXProject section */
		EE50AD4927C2405F00FB1538 /* Project object */ = {
			isa = PBXProject;
			attributes = {
				BuildIndependentTargetsInParallel = 1;
				LastSwiftUpdateCheck = 1320;
				LastUpgradeCheck = 1320;
				TargetAttributes = {
					EE50AD5027C2405F00FB1538 = {
						CreatedOnToolsVersion = 13.2.1;
					};
					EE50AD6627C2406200FB1538 = {
						CreatedOnToolsVersion = 13.2.1;
						TestTargetID = EE50AD5027C2405F00FB1538;
					};
					EE50AD7027C2406200FB1538 = {
						CreatedOnToolsVersion = 13.2.1;
						TestTargetID = EE50AD5027C2405F00FB1538;
					};
				};
			};
			buildConfigurationList = EE50AD4C27C2405F00FB1538 /* Build configuration list for PBXProject "TechGram" */;
			compatibilityVersion = "Xcode 13.0";
			developmentRegion = en;
			hasScannedForEncodings = 0;
			knownRegions = (
				en,
				Base,
			);
			mainGroup = EE50AD4827C2405F00FB1538;
			productRefGroup = EE50AD5227C2405F00FB1538 /* Products */;
			projectDirPath = "";
			projectRoot = "";
			targets = (
				EE50AD5027C2405F00FB1538 /* TechGram */,
				EE50AD6627C2406200FB1538 /* TechGramTests */,
				EE50AD7027C2406200FB1538 /* TechGramUITests */,
			);
		};
/* End PBXProject section */

/* Begin PBXResourcesBuildPhase section */
		EE50AD4F27C2405F00FB1538 /* Resources */ = {
			isa = PBXResourcesBuildPhase;
			buildActionMask = 2147483647;
			files = (
				EE50AD6127C2406100FB1538 /* LaunchScreen.storyboard in Resources */,
				EE50AD5E27C2406100FB1538 /* Assets.xcassets in Resources */,
				EE50AD5C27C2405F00FB1538 /* Main.storyboard in Resources */,
			);
			runOnlyForDeploymentPostprocessing = 0;
		};
		EE50AD6527C2406200FB1538 /* Resources */ = {
			isa = PBXResourcesBuildPhase;
			buildActionMask = 2147483647;
			files = (
			);
			runOnlyForDeploymentPostprocessing = 0;
		};
		EE50AD6F27C2406200FB1538 /* Resources */ = {
			isa = PBXResourcesBuildPhase;
			buildActionMask = 2147483647;
			files = (
			);
			runOnlyForDeploymentPostprocessing = 0;
		};
/* End PBXResourcesBuildPhase section */

/* Begin PBXSourcesBuildPhase section */
		EE50AD4D27C2405F00FB1538 /* Sources */ = {
			isa = PBXSourcesBuildPhase;
			buildActionMask = 2147483647;
			files = (
				EE50AD5927C2405F00FB1538 /* ViewController.swift in Sources */,
				EE50AD5527C2405F00FB1538 /* AppDelegate.swift in Sources */,
				EE50AD5727C2405F00FB1538 /* SceneDelegate.swift in Sources */,
			);
			runOnlyForDeploymentPostprocessing = 0;
		};
		EE50AD6327C2406200FB1538 /* Sources */ = {
			isa = PBXSourcesBuildPhase;
			buildActionMask = 2147483647;
			files = (
				EE50AD6C27C2406200FB1538 /* TechGramTests.swift in Sources */,
			);
			runOnlyForDeploymentPostprocessing = 0;
		};
		EE50AD6D27C2406200FB1538 /* Sources */ = {
			isa = PBXSourcesBuildPhase;
			buildActionMask = 2147483647;
			files = (
				EE50AD7827C2406200FB1538 /* TechGramUITestsLaunchTests.swift in Sources */,
				EE50AD7627C2406200FB1538 /* TechGramUITests.swift in Sources */,
			);
			runOnlyForDeploymentPostprocessing = 0;
		};
/* End PBXSourcesBuildPhase section */

/* Begin PBXTargetDependency section */
		EE50AD6927C2406200FB1538 /* PBXTargetDependency */ = {
			isa = PBXTargetDependency;
			target = EE50AD5027C2405F00FB1538 /* TechGram */;
			targetProxy = EE50AD6827C2406200FB1538 /* PBXContainerItemProxy */;
		};
		EE50AD7327C2406200FB1538 /* PBXTargetDependency */ = {
			isa = PBXTargetDependency;
			target = EE50AD5027C2405F00FB1538 /* TechGram */;
			targetProxy = EE50AD7227C2406200FB1538 /* PBXContainerItemProxy */;
		};
/* End PBXTargetDependency section */

/* Begin PBXVariantGroup section */
		EE50AD5A27C2405F00FB1538 /* Main.storyboard */ = {
			isa = PBXVariantGroup;
			children = (
				EE50AD5B27C2405F00FB1538 /* Base */,
			);
			name = Main.storyboard;
			sourceTree = "<group>";
		};
		EE50AD5F27C2406100FB1538 /* LaunchScreen.storyboard */ = {
			isa = PBXVariantGroup;
			children = (
				EE50AD6027C2406100FB1538 /* Base */,
			);
			name = LaunchScreen.storyboard;
			sourceTree = "<group>";
		};
/* End PBXVariantGroup section */

/* Begin XCBuildConfiguration section */
		EE50AD7927C2406200FB1538 /* Debug */ = {
			isa = XCBuildConfiguration;
			buildSettings = {
				ALWAYS_SEARCH_USER_PATHS = NO;
				CLANG_ANALYZER_NONNULL = YES;
				CLANG_ANALYZER_NUMBER_OBJECT_CONVERSION = YES_AGGRESSIVE;
				CLANG_CXX_LANGUAGE_STANDARD = "gnu++17";
				CLANG_CXX_LIBRARY = "libc++";
				CLANG_ENABLE_MODULES = YES;
				CLANG_ENABLE_OBJC_ARC = YES;
				CLANG_ENABLE_OBJC_WEAK = YES;
				CLANG_WARN_BLOCK_CAPTURE_AUTORELEASING = YES;
				CLANG_WARN_BOOL_CONVERSION = YES;
				CLANG_WARN_COMMA = YES;
				CLANG_WARN_CONSTANT_CONVERSION = YES;
				CLANG_WARN_DEPRECATED_OBJC_IMPLEMENTATIONS = YES;
				CLANG_WARN_DIRECT_OBJC_ISA_USAGE = YES_ERROR;
				CLANG_WARN_DOCUMENTATION_COMMENTS = YES;
				CLANG_WARN_EMPTY_BODY = YES;
				CLANG_WARN_ENUM_CONVERSION = YES;
				CLANG_WARN_INFINITE_RECURSION = YES;
				CLANG_WARN_INT_CONVERSION = YES;
				CLANG_WARN_NON_LITERAL_NULL_CONVERSION = YES;
				CLANG_WARN_OBJC_IMPLICIT_RETAIN_SELF = YES;
				CLANG_WARN_OBJC_LITERAL_CONVERSION = YES;
				CLANG_WARN_OBJC_ROOT_CLASS = YES_ERROR;
				CLANG_WARN_QUOTED_INCLUDE_IN_FRAMEWORK_HEADER = YES;
				CLANG_WARN_RANGE_LOOP_ANALYSIS = YES;
				CLANG_WARN_STRICT_PROTOTYPES = YES;
				CLANG_WARN_SUSPICIOUS_MOVE = YES;
				CLANG_WARN_UNGUARDED_AVAILABILITY = YES_AGGRESSIVE;
				CLANG_WARN_UNREACHABLE_CODE = YES;
				CLANG_WARN__DUPLICATE_METHOD_MATCH = YES;
				COPY_PHASE_STRIP = NO;
				DEBUG_INFORMATION_FORMAT = dwarf;
				ENABLE_STRICT_OBJC_MSGSEND = YES;
				ENABLE_TESTABILITY = YES;
				GCC_C_LANGUAGE_STANDARD = gnu11;
				GCC_DYNAMIC_NO_PIC = NO;
				GCC_NO_COMMON_BLOCKS = YES;
				GCC_OPTIMIZATION_LEVEL = 0;
				GCC_PREPROCESSOR_DEFINITIONS = (
					"DEBUG=1",
					"$(inherited)",
				);
				GCC_WARN_64_TO_32_BIT_CONVERSION = YES;
				GCC_WARN_ABOUT_RETURN_TYPE = YES_ERROR;
				GCC_WARN_UNDECLARED_SELECTOR = YES;
				GCC_WARN_UNINITIALIZED_AUTOS = YES_AGGRESSIVE;
				GCC_WARN_UNUSED_FUNCTION = YES;
				GCC_WARN_UNUSED_VARIABLE = YES;
				IPHONEOS_DEPLOYMENT_TARGET = 15.2;
				MTL_ENABLE_DEBUG_INFO = INCLUDE_SOURCE;
				MTL_FAST_MATH = YES;
				ONLY_ACTIVE_ARCH = YES;
				SDKROOT = iphoneos;
				SWIFT_ACTIVE_COMPILATION_CONDITIONS = DEBUG;
				SWIFT_OPTIMIZATION_LEVEL = "-Onone";
			};
			name = Debug;
		};
		EE50AD7A27C2406200FB1538 /* Release */ = {
			isa = XCBuildConfiguration;
			buildSettings = {
				ALWAYS_SEARCH_USER_PATHS = NO;
				CLANG_ANALYZER_NONNULL = YES;
				CLANG_ANALYZER_NUMBER_OBJECT_CONVERSION = YES_AGGRESSIVE;
				CLANG_CXX_LANGUAGE_STANDARD = "gnu++17";
				CLANG_CXX_LIBRARY = "libc++";
				CLANG_ENABLE_MODULES = YES;
				CLANG_ENABLE_OBJC_ARC = YES;
				CLANG_ENABLE_OBJC_WEAK = YES;
				CLANG_WARN_BLOCK_CAPTURE_AUTORELEASING = YES;
				CLANG_WARN_BOOL_CONVERSION = YES;
				CLANG_WARN_COMMA = YES;
				CLANG_WARN_CONSTANT_CONVERSION = YES;
				CLANG_WARN_DEPRECATED_OBJC_IMPLEMENTATIONS = YES;
				CLANG_WARN_DIRECT_OBJC_ISA_USAGE = YES_ERROR;
				CLANG_WARN_DOCUMENTATION_COMMENTS = YES;
				CLANG_WARN_EMPTY_BODY = YES;
				CLANG_WARN_ENUM_CONVERSION = YES;
				CLANG_WARN_INFINITE_RECURSION = YES;
				CLANG_WARN_INT_CONVERSION = YES;
				CLANG_WARN_NON_LITERAL_NULL_CONVERSION = YES;
				CLANG_WARN_OBJC_IMPLICIT_RETAIN_SELF = YES;
				CLANG_WARN_OBJC_LITERAL_CONVERSION = YES;
				CLANG_WARN_OBJC_ROOT_CLASS = YES_ERROR;
				CLANG_WARN_QUOTED_INCLUDE_IN_FRAMEWORK_HEADER = YES;
				CLANG_WARN_RANGE_LOOP_ANALYSIS = YES;
				CLANG_WARN_STRICT_PROTOTYPES = YES;
				CLANG_WARN_SUSPICIOUS_MOVE = YES;
				CLANG_WARN_UNGUARDED_AVAILABILITY = YES_AGGRESSIVE;
				CLANG_WARN_UNREACHABLE_CODE = YES;
				CLANG_WARN__DUPLICATE_METHOD_MATCH = YES;
				COPY_PHASE_STRIP = NO;
				DEBUG_INFORMATION_FORMAT = "dwarf-with-dsym";
				ENABLE_NS_ASSERTIONS = NO;
				ENABLE_STRICT_OBJC_MSGSEND = YES;
				GCC_C_LANGUAGE_STANDARD = gnu11;
				GCC_NO_COMMON_BLOCKS = YES;
				GCC_WARN_64_TO_32_BIT_CONVERSION = YES;
				GCC_WARN_ABOUT_RETURN_TYPE = YES_ERROR;
				GCC_WARN_UNDECLARED_SELECTOR = YES;
				GCC_WARN_UNINITIALIZED_AUTOS = YES_AGGRESSIVE;
				GCC_WARN_UNUSED_FUNCTION = YES;
				GCC_WARN_UNUSED_VARIABLE = YES;
				IPHONEOS_DEPLOYMENT_TARGET = 15.2;
				MTL_ENABLE_DEBUG_INFO = NO;
				MTL_FAST_MATH = YES;
				SDKROOT = iphoneos;
				SWIFT_COMPILATION_MODE = wholemodule;
				SWIFT_OPTIMIZATION_LEVEL = "-O";
				VALIDATE_PRODUCT = YES;
			};
			name = Release;
		};
		EE50AD7C27C2406200FB1538 /* Debug */ = {
			isa = XCBuildConfiguration;
			buildSettings = {
				ASSETCATALOG_COMPILER_APPICON_NAME = AppIcon;
				ASSETCATALOG_COMPILER_GLOBAL_ACCENT_COLOR_NAME = AccentColor;
				CODE_SIGN_STYLE = Automatic;
				CURRENT_PROJECT_VERSION = 1;
				DEVELOPMENT_TEAM = ZC69669R63;
				GENERATE_INFOPLIST_FILE = YES;
				INFOPLIST_FILE = TechGram/Info.plist;
				INFOPLIST_KEY_NSCameraUsageDescription = "アプリ内で編集する写真を撮るためにカメラを起動します";
				INFOPLIST_KEY_NSPhotoLibraryAddUsageDescription = "編集した画像をフォトライブラリに保存します";
				INFOPLIST_KEY_NSPhotoLibraryUsageDescription = "アプリ内で編集する画像をフォトライブラリから呼び出します";
				INFOPLIST_KEY_UIApplicationSupportsIndirectInputEvents = YES;
				INFOPLIST_KEY_UILaunchStoryboardName = LaunchScreen;
				INFOPLIST_KEY_UIMainStoryboardFile = Main;
				INFOPLIST_KEY_UISupportedInterfaceOrientations_iPad = "UIInterfaceOrientationPortrait UIInterfaceOrientationPortraitUpsideDown UIInterfaceOrientationLandscapeLeft UIInterfaceOrientationLandscapeRight";
				INFOPLIST_KEY_UISupportedInterfaceOrientations_iPhone = "UIInterfaceOrientationPortrait UIInterfaceOrientationLandscapeLeft UIInterfaceOrientationLandscapeRight";
				IPHONEOS_DEPLOYMENT_TARGET = 15.0;
				LD_RUNPATH_SEARCH_PATHS = (
					"$(inherited)",
					"@executable_path/Frameworks",
				);
				MARKETING_VERSION = 1.0;
				PRODUCT_BUNDLE_IDENTIFIER = Kony.TechGram;
				PRODUCT_NAME = "$(TARGET_NAME)";
				SWIFT_EMIT_LOC_STRINGS = YES;
				SWIFT_VERSION = 5.0;
				TARGETED_DEVICE_FAMILY = "1,2";
			};
			name = Debug;
		};
		EE50AD7D27C2406200FB1538 /* Release */ = {
			isa = XCBuildConfiguration;
			buildSettings = {
				ASSETCATALOG_COMPILER_APPICON_NAME = AppIcon;
				ASSETCATALOG_COMPILER_GLOBAL_ACCENT_COLOR_NAME = AccentColor;
				CODE_SIGN_STYLE = Automatic;
				CURRENT_PROJECT_VERSION = 1;
				DEVELOPMENT_TEAM = ZC69669R63;
				GENERATE_INFOPLIST_FILE = YES;
				INFOPLIST_FILE = TechGram/Info.plist;
				INFOPLIST_KEY_NSCameraUsageDescription = "アプリ内で編集する写真を撮るためにカメラを起動します";
				INFOPLIST_KEY_NSPhotoLibraryAddUsageDescription = "編集した画像をフォトライブラリに保存します";
				INFOPLIST_KEY_NSPhotoLibraryUsageDescription = "アプリ内で編集する画像をフォトライブラリから呼び出します";
				INFOPLIST_KEY_UIApplicationSupportsIndirectInputEvents = YES;
				INFOPLIST_KEY_UILaunchStoryboardName = LaunchScreen;
				INFOPLIST_KEY_UIMainStoryboardFile = Main;
				INFOPLIST_KEY_UISupportedInterfaceOrientations_iPad = "UIInterfaceOrientationPortrait UIInterfaceOrientationPortraitUpsideDown UIInterfaceOrientationLandscapeLeft UIInterfaceOrientationLandscapeRight";
				INFOPLIST_KEY_UISupportedInterfaceOrientations_iPhone = "UIInterfaceOrientationPortrait UIInterfaceOrientationLandscapeLeft UIInterfaceOrientationLandscapeRight";
				IPHONEOS_DEPLOYMENT_TARGET = 15.0;
				LD_RUNPATH_SEARCH_PATHS = (
					"$(inherited)",
					"@executable_path/Frameworks",
				);
				MARKETING_VERSION = 1.0;
				PRODUCT_BUNDLE_IDENTIFIER = Kony.TechGram;
				PRODUCT_NAME = "$(TARGET_NAME)";
				SWIFT_EMIT_LOC_STRINGS = YES;
				SWIFT_VERSION = 5.0;
				TARGETED_DEVICE_FAMILY = "1,2";
			};
			name = Release;
		};
		EE50AD7F27C2406200FB1538 /* Debug */ = {
			isa = XCBuildConfiguration;
			buildSettings = {
				ALWAYS_EMBED_SWIFT_STANDARD_LIBRARIES = YES;
				BUNDLE_LOADER = "$(TEST_HOST)";
				CODE_SIGN_STYLE = Automatic;
				CURRENT_PROJECT_VERSION = 1;
				DEVELOPMENT_TEAM = ZC69669R63;
				GENERATE_INFOPLIST_FILE = YES;
				IPHONEOS_DEPLOYMENT_TARGET = 15.2;
				MARKETING_VERSION = 1.0;
				PRODUCT_BUNDLE_IDENTIFIER = Kony.TechGramTests;
				PRODUCT_NAME = "$(TARGET_NAME)";
				SWIFT_EMIT_LOC_STRINGS = NO;
				SWIFT_VERSION = 5.0;
				TARGETED_DEVICE_FAMILY = "1,2";
				TEST_HOST = "$(BUILT_PRODUCTS_DIR)/TechGram.app/TechGram";
			};
			name = Debug;
		};
		EE50AD8027C2406200FB1538 /* Release */ = {
			isa = XCBuildConfiguration;
			buildSettings = {
				ALWAYS_EMBED_SWIFT_STANDARD_LIBRARIES = YES;
				BUNDLE_LOADER = "$(TEST_HOST)";
				CODE_SIGN_STYLE = Automatic;
				CURRENT_PROJECT_VERSION = 1;
				DEVELOPMENT_TEAM = ZC69669R63;
				GENERATE_INFOPLIST_FILE = YES;
				IPHONEOS_DEPLOYMENT_TARGET = 15.2;
				MARKETING_VERSION = 1.0;
				PRODUCT_BUNDLE_IDENTIFIER = Kony.TechGramTests;
				PRODUCT_NAME = "$(TARGET_NAME)";
				SWIFT_EMIT_LOC_STRINGS = NO;
				SWIFT_VERSION = 5.0;
				TARGETED_DEVICE_FAMILY = "1,2";
				TEST_HOST = "$(BUILT_PRODUCTS_DIR)/TechGram.app/TechGram";
			};
			name = Release;
		};
		EE50AD8227C2406200FB1538 /* Debug */ = {
			isa = XCBuildConfiguration;
			buildSettings = {
				ALWAYS_EMBED_SWIFT_STANDARD_LIBRARIES = YES;
				CODE_SIGN_STYLE = Automatic;
				CURRENT_PROJECT_VERSION = 1;
				DEVELOPMENT_TEAM = ZC69669R63;
				GENERATE_INFOPLIST_FILE = YES;
				MARKETING_VERSION = 1.0;
				PRODUCT_BUNDLE_IDENTIFIER = Kony.TechGramUITests;
				PRODUCT_NAME = "$(TARGET_NAME)";
				SWIFT_EMIT_LOC_STRINGS = NO;
				SWIFT_VERSION = 5.0;
				TARGETED_DEVICE_FAMILY = "1,2";
				TEST_TARGET_NAME = TechGram;
			};
			name = Debug;
		};
		EE50AD8327C2406200FB1538 /* Release */ = {
			isa = XCBuildConfiguration;
			buildSettings = {
				ALWAYS_EMBED_SWIFT_STANDARD_LIBRARIES = YES;
				CODE_SIGN_STYLE = Automatic;
				CURRENT_PROJECT_VERSION = 1;
				DEVELOPMENT_TEAM = ZC69669R63;
				GENERATE_INFOPLIST_FILE = YES;
				MARKETING_VERSION = 1.0;
				PRODUCT_BUNDLE_IDENTIFIER = Kony.TechGramUITests;
				PRODUCT_NAME = "$(TARGET_NAME)";
				SWIFT_EMIT_LOC_STRINGS = NO;
				SWIFT_VERSION = 5.0;
				TARGETED_DEVICE_FAMILY = "1,2";
				TEST_TARGET_NAME = TechGram;
			};
			name = Release;
		};
/* End XCBuildConfiguration section */

/* Begin XCConfigurationList section */
		EE50AD4C27C2405F00FB1538 /* Build configuration list for PBXProject "TechGram" */ = {
			isa = XCConfigurationList;
			buildConfigurations = (
				EE50AD7927C2406200FB1538 /* Debug */,
				EE50AD7A27C2406200FB1538 /* Release */,
			);
			defaultConfigurationIsVisible = 0;
			defaultConfigurationName = Release;
		};
		EE50AD7B27C2406200FB1538 /* Build configuration list for PBXNativeTarget "TechGram" */ = {
			isa = XCConfigurationList;
			buildConfigurations = (
				EE50AD7C27C2406200FB1538 /* Debug */,
				EE50AD7D27C2406200FB1538 /* Release */,
			);
			defaultConfigurationIsVisible = 0;
			defaultConfigurationName = Release;
		};
		EE50AD7E27C2406200FB1538 /* Build configuration list for PBXNativeTarget "TechGramTests" */ = {
			isa = XCConfigurationList;
			buildConfigurations = (
				EE50AD7F27C2406200FB1538 /* Debug */,
				EE50AD8027C2406200FB1538 /* Release */,
			);
			defaultConfigurationIsVisible = 0;
			defaultConfigurationName = Release;
		};
		EE50AD8127C2406200FB1538 /* Build configuration list for PBXNativeTarget "TechGramUITests" */ = {
			isa = XCConfigurationList;
			buildConfigurations = (
				EE50AD8227C2406200FB1538 /* Debug */,
				EE50AD8327C2406200FB1538 /* Release */,
			);
			defaultConfigurationIsVisible = 0;
			defaultConfigurationName = Release;
		};
/* End XCConfigurationList section */
	};
	rootObject = EE50AD4927C2405F00FB1538 /* Project object */;
}
